
Microsoft Visual Studio Solution File, Format Version 12.00
# Visual Studio Version 17
VisualStudioVersion = 17.1.32328.378
MinimumVisualStudioVersion = 10.0.40219.1
Project("{8BC9CEB8-8B4A-11D0-8D11-00A0C91BC942}") = "libfcache", "libfcache\libfcache.vcxproj", "{3D19EAAD-9195-468B-BC5B-D147A89CA4F5}"
EndProject
Project("{8BC9CEB8-8B4A-11D0-8D11-00A0C91BC942}") = "nsfdb_test_bucket", "nsfdb_test_bucket\nsfdb_test_bucket.vcxproj", "{DD62049E-B7C9-4AD1-9E5C-5F494E3E3E64}"
EndProject
Project("{8BC9CEB8-8B4A-11D0-8D11-00A0C91BC942}") = "nsfdb_test_error", "nsfdb_test_error\nsfdb_test_error.vcxproj", "{7989B1D0-B49E-4DEC-B8B7-26A8BFB28642}"
EndProject
Project("{8BC9CEB8-8B4A-11D0-8D11-00A0C91BC942}") = "nsfdb_test_file", "nsfdb_test_file\nsfdb_test_file.vcxproj", "{0EBD7E89-F7B8-4E12-AED7-59EF08C81E09}"
EndProject
Project("{8BC9CEB8-8B4A-11D0-8D11-00A0C91BC942}") = "nsfdb_test_io_handle", "nsfdb_test_io_handle\nsfdb_test_io_handle.vcxproj", "{DF6C9BEF-745F-490F-9BF0-EBBFEFCC58F7}"
EndProject
Project("{8BC9CEB8-8B4A-11D0-8D11-00A0C91BC942}") = "nsfdb_test_note", "nsfdb_test_note\nsfdb_test_note.vcxproj", "{FCE9CF47-CD38-485C-A9FF-BD73D4197CE0}"
EndProject
Project("{8BC9CEB8-8B4A-11D0-8D11-00A0C91BC942}") = "nsfdb_test_note_item_class", "nsfdb_test_note_item_class\nsfdb_test_note_item_class.vcxproj", "{65063976-C3FB-4512-80D2-9CC19B4BE921}"
EndProject
Project("{8BC9CEB8-8B4A-11D0-8D11-00A0C91BC942}") = "nsfdb_test_note_item_type", "nsfdb_test_note_item_type\nsfdb_test_note_item_type.vcxproj", "{BDB0B925-93EA-4ECA-9B97-0B6C9C977DAF}"
EndProject
Project("{8BC9CEB8-8B4A-11D0-8D11-00A0C91BC942}") = "nsfdb_test_note_value", "nsfdb_test_note_value\nsfdb_test_note_value.vcxproj", "{7D4368BD-82DB-4208-A85B-5B2623439814}"
EndProject
Project("{8BC9CEB8-8B4A-11D0-8D11-00A0C91BC942}") = "nsfdb_test_notify", "nsfdb_test_notify\nsfdb_test_notify.vcxproj", "{9BC63C0A-BFD8-48EF-86E7-A207405EBC17}"
EndProject
Project("{8BC9CEB8-8B4A-11D0-8D11-00A0C91BC942}") = "nsfdb_test_rrv_bucket", "nsfdb_test_rrv_bucket\nsfdb_test_rrv_bucket.vcxproj", "{9BB19332-D816-45FD-B602-A45EBB978C60}"
EndProject
Project("{8BC9CEB8-8B4A-11D0-8D11-00A0C91BC942}") = "nsfdb_test_rrv_bucket_descriptor", "nsfdb_test_rrv_bucket_descriptor\nsfdb_test_rrv_bucket_descriptor.vcxproj", "{6F2B6F44-B5AE-486B-AF84-A7C416BDFBF3}"
EndProject
Project("{8BC9CEB8-8B4A-11D0-8D11-00A0C91BC942}") = "nsfdb_test_rrv_value", "nsfdb_test_rrv_value\nsfdb_test_rrv_value.vcxproj", "{8696C060-AC47-4F64-AE33-083EDFB14B4E}"
EndProject
Project("{8BC9CEB8-8B4A-11D0-8D11-00A0C91BC942}") = "nsfdb_test_support", "nsfdb_test_support\nsfdb_test_support.vcxproj", "{E56B61A9-5F5A-4173-88F1-6AFCA8E20064}"
EndProject
Project("{8BC9CEB8-8B4A-11D0-8D11-00A0C91BC942}") = "nsfdb_test_unique_name_key", "nsfdb_test_unique_name_key\nsfdb_test_unique_name_key.vcxproj", "{981A529F-D74F-46C3-A147-419D59AC6691}"
EndProject
Project("{8BC9CEB8-8B4A-11D0-8D11-00A0C91BC942}") = "libclocale", "libclocale\libclocale.vcxproj", "{CEDF8919-00B2-4D8A-88CC-84ADB2D2FF89}"
EndProject
Project("{8BC9CEB8-8B4A-11D0-8D11-00A0C91BC942}") = "libbfio", "libbfio\libbfio.vcxproj", "{41CFAFBF-A1C8-4704-AFEF-31979E6452B9}"
EndProject
Project("{8BC9CEB8-8B4A-11D0-8D11-00A0C91BC942}") = "nsfdbexport", "nsfdbexport\nsfdbexport.vcxproj", "{20206DC6-0F5B-4E52-83B5-E24D6252C316}"
EndProject
Project("{8BC9CEB8-8B4A-11D0-8D11-00A0C91BC942}") = "nsfdbinfo", "nsfdbinfo\nsfdbinfo.vcxproj", "{A7545354-5D50-49F6-A3D0-1F97F6228955}"
EndProject
Project("{8BC9CEB8-8B4A-11D0-8D11-00A0C91BC942}") = "libfdatetime", "libfdatetime\libfdatetime.vcxproj", "{25C60507-39C6-4564-912D-DA2E7482A00F}"
EndProject
Project("{8BC9CEB8-8B4A-11D0-8D11-00A0C91BC942}") = "libcfile", "libcfile\libcfile.vcxproj", "{4C93BDD3-1804-47F3-9B34-F2DE0CAE1AE0}"
EndProject
Project("{8BC9CEB8-8B4A-11D0-8D11-00A0C91BC942}") = "libcthreads", "libcthreads\libcthreads.vcxproj", "{3A3845E7-69D5-4FE7-8E0B-6BCF2B84F386}"
EndProject
Project("{8BC9CEB8-8B4A-11D0-8D11-00A0C91BC942}") = "libcpath", "libcpath\libcpath.vcxproj", "{3FFB9C05-1145-45A7-9ADE-5C8D70FBD7CA}"
EndProject
Project("{8BC9CEB8-8B4A-11D0-8D11-00A0C91BC942}") = "libuna", "libuna\libuna.vcxproj", "{BC27FF34-C859-4A1A-95D6-FC89952E1910}"
EndProject
Project("{8BC9CEB8-8B4A-11D0-8D11-00A0C91BC942}") = "libfvalue", "libfvalue\libfvalue.vcxproj", "{7369D9FA-E831-4B0D-B92A-BB21D8D40F54}"
EndProject
Project("{8BC9CEB8-8B4A-11D0-8D11-00A0C91BC942}") = "libcerror", "libcerror\libcerror.vcxproj", "{BD3A95FA-A3DE-4B79-A889-A7E5ECA4B69C}"
EndProject
Project("{8BC9CEB8-8B4A-11D0-8D11-00A0C91BC942}") = "libcnotify", "libcnotify\libcnotify.vcxproj", "{5304AD69-D449-4589-B2C9-E4607E56A51D}"
EndProject
Project("{8BC9CEB8-8B4A-11D0-8D11-00A0C91BC942}") = "libnsfdb", "libnsfdb\libnsfdb.vcxproj", "{E969009B-01BC-4E63-A7A8-E21DC8609D9B}"
EndProject
Project("{8BC9CEB8-8B4A-11D0-8D11-00A0C91BC942}") = "libfdata", "libfdata\libfdata.vcxproj", "{F94DCC2D-2B49-453E-89B3-FD81992677D0}"
EndProject
Project("{8BC9CEB8-8B4A-11D0-8D11-00A0C91BC942}") = "libcdata", "libcdata\libcdata.vcxproj", "{B9332DC8-7594-47DF-80C1-38922E0F4DFB}"
EndProject
Project("{8BC9CEB8-8B4A-11D0-8D11-00A0C91BC942}") = "libcsplit", "libcsplit\libcsplit.vcxproj", "{B86FB73A-4ACC-42DE-9545-586D93955B06}"
EndProject
Global
	GlobalSection(SolutionConfigurationPlatforms) = preSolution
		Release|Win32 = Release|Win32
		Release|x64 = Release|x64
		VSDebug|Win32 = VSDebug|Win32
		VSDebug|x64 = VSDebug|x64
	EndGlobalSection
	GlobalSection(ProjectConfigurationPlatforms) = postSolution
		{3D19EAAD-9195-468B-BC5B-D147A89CA4F5}.Release|Win32.ActiveCfg = Release|Win32
		{3D19EAAD-9195-468B-BC5B-D147A89CA4F5}.Release|Win32.Build.0 = Release|Win32
		{3D19EAAD-9195-468B-BC5B-D147A89CA4F5}.Release|x64.ActiveCfg = Release|x64
		{3D19EAAD-9195-468B-BC5B-D147A89CA4F5}.Release|x64.Build.0 = Release|x64
		{3D19EAAD-9195-468B-BC5B-D147A89CA4F5}.VSDebug|Win32.ActiveCfg = VSDebug|Win32
		{3D19EAAD-9195-468B-BC5B-D147A89CA4F5}.VSDebug|Win32.Build.0 = VSDebug|Win32
		{3D19EAAD-9195-468B-BC5B-D147A89CA4F5}.VSDebug|x64.ActiveCfg = VSDebug|x64
		{3D19EAAD-9195-468B-BC5B-D147A89CA4F5}.VSDebug|x64.Build.0 = VSDebug|x64
		{DD62049E-B7C9-4AD1-9E5C-5F494E3E3E64}.Release|Win32.ActiveCfg = Release|Win32
		{DD62049E-B7C9-4AD1-9E5C-5F494E3E3E64}.Release|Win32.Build.0 = Release|Win32
		{DD62049E-B7C9-4AD1-9E5C-5F494E3E3E64}.Release|x64.ActiveCfg = Release|x64
		{DD62049E-B7C9-4AD1-9E5C-5F494E3E3E64}.Release|x64.Build.0 = Release|x64
		{DD62049E-B7C9-4AD1-9E5C-5F494E3E3E64}.VSDebug|Win32.ActiveCfg = VSDebug|Win32
		{DD62049E-B7C9-4AD1-9E5C-5F494E3E3E64}.VSDebug|Win32.Build.0 = VSDebug|Win32
		{DD62049E-B7C9-4AD1-9E5C-5F494E3E3E64}.VSDebug|x64.ActiveCfg = VSDebug|x64
		{DD62049E-B7C9-4AD1-9E5C-5F494E3E3E64}.VSDebug|x64.Build.0 = VSDebug|x64
		{7989B1D0-B49E-4DEC-B8B7-26A8BFB28642}.Release|Win32.ActiveCfg = Release|Win32
		{7989B1D0-B49E-4DEC-B8B7-26A8BFB28642}.Release|Win32.Build.0 = Release|Win32
		{7989B1D0-B49E-4DEC-B8B7-26A8BFB28642}.Release|x64.ActiveCfg = Release|x64
		{7989B1D0-B49E-4DEC-B8B7-26A8BFB28642}.Release|x64.Build.0 = Release|x64
		{7989B1D0-B49E-4DEC-B8B7-26A8BFB28642}.VSDebug|Win32.ActiveCfg = VSDebug|Win32
		{7989B1D0-B49E-4DEC-B8B7-26A8BFB28642}.VSDebug|Win32.Build.0 = VSDebug|Win32
		{7989B1D0-B49E-4DEC-B8B7-26A8BFB28642}.VSDebug|x64.ActiveCfg = VSDebug|x64
		{7989B1D0-B49E-4DEC-B8B7-26A8BFB28642}.VSDebug|x64.Build.0 = VSDebug|x64
		{0EBD7E89-F7B8-4E12-AED7-59EF08C81E09}.Release|Win32.ActiveCfg = Release|Win32
		{0EBD7E89-F7B8-4E12-AED7-59EF08C81E09}.Release|Win32.Build.0 = Release|Win32
		{0EBD7E89-F7B8-4E12-AED7-59EF08C81E09}.Release|x64.ActiveCfg = Release|x64
		{0EBD7E89-F7B8-4E12-AED7-59EF08C81E09}.Release|x64.Build.0 = Release|x64
		{0EBD7E89-F7B8-4E12-AED7-59EF08C81E09}.VSDebug|Win32.ActiveCfg = VSDebug|Win32
		{0EBD7E89-F7B8-4E12-AED7-59EF08C81E09}.VSDebug|Win32.Build.0 = VSDebug|Win32
		{0EBD7E89-F7B8-4E12-AED7-59EF08C81E09}.VSDebug|x64.ActiveCfg = VSDebug|x64
		{0EBD7E89-F7B8-4E12-AED7-59EF08C81E09}.VSDebug|x64.Build.0 = VSDebug|x64
		{DF6C9BEF-745F-490F-9BF0-EBBFEFCC58F7}.Release|Win32.ActiveCfg = Release|Win32
		{DF6C9BEF-745F-490F-9BF0-EBBFEFCC58F7}.Release|Win32.Build.0 = Release|Win32
		{DF6C9BEF-745F-490F-9BF0-EBBFEFCC58F7}.Release|x64.ActiveCfg = Release|x64
		{DF6C9BEF-745F-490F-9BF0-EBBFEFCC58F7}.Release|x64.Build.0 = Release|x64
		{DF6C9BEF-745F-490F-9BF0-EBBFEFCC58F7}.VSDebug|Win32.ActiveCfg = VSDebug|Win32
		{DF6C9BEF-745F-490F-9BF0-EBBFEFCC58F7}.VSDebug|Win32.Build.0 = VSDebug|Win32
		{DF6C9BEF-745F-490F-9BF0-EBBFEFCC58F7}.VSDebug|x64.ActiveCfg = VSDebug|x64
		{DF6C9BEF-745F-490F-9BF0-EBBFEFCC58F7}.VSDebug|x64.Build.0 = VSDebug|x64
		{FCE9CF47-CD38-485C-A9FF-BD73D4197CE0}.Release|Win32.ActiveCfg = Release|Win32
		{FCE9CF47-CD38-485C-A9FF-BD73D4197CE0}.Release|Win32.Build.0 = Release|Win32
		{FCE9CF47-CD38-485C-A9FF-BD73D4197CE0}.Release|x64.ActiveCfg = Release|x64
		{FCE9CF47-CD38-485C-A9FF-BD73D4197CE0}.Release|x64.Build.0 = Release|x64
		{FCE9CF47-CD38-485C-A9FF-BD73D4197CE0}.VSDebug|Win32.ActiveCfg = VSDebug|Win32
		{FCE9CF47-CD38-485C-A9FF-BD73D4197CE0}.VSDebug|Win32.Build.0 = VSDebug|Win32
		{FCE9CF47-CD38-485C-A9FF-BD73D4197CE0}.VSDebug|x64.ActiveCfg = VSDebug|x64
		{FCE9CF47-CD38-485C-A9FF-BD73D4197CE0}.VSDebug|x64.Build.0 = VSDebug|x64
		{65063976-C3FB-4512-80D2-9CC19B4BE921}.Release|Win32.ActiveCfg = Release|Win32
		{65063976-C3FB-4512-80D2-9CC19B4BE921}.Release|Win32.Build.0 = Release|Win32
		{65063976-C3FB-4512-80D2-9CC19B4BE921}.Release|x64.ActiveCfg = Release|x64
		{65063976-C3FB-4512-80D2-9CC19B4BE921}.Release|x64.Build.0 = Release|x64
		{65063976-C3FB-4512-80D2-9CC19B4BE921}.VSDebug|Win32.ActiveCfg = VSDebug|Win32
		{65063976-C3FB-4512-80D2-9CC19B4BE921}.VSDebug|Win32.Build.0 = VSDebug|Win32
		{65063976-C3FB-4512-80D2-9CC19B4BE921}.VSDebug|x64.ActiveCfg = VSDebug|x64
		{65063976-C3FB-4512-80D2-9CC19B4BE921}.VSDebug|x64.Build.0 = VSDebug|x64
		{BDB0B925-93EA-4ECA-9B97-0B6C9C977DAF}.Release|Win32.ActiveCfg = Release|Win32
		{BDB0B925-93EA-4ECA-9B97-0B6C9C977DAF}.Release|Win32.Build.0 = Release|Win32
		{BDB0B925-93EA-4ECA-9B97-0B6C9C977DAF}.Release|x64.ActiveCfg = Release|x64
		{BDB0B925-93EA-4ECA-9B97-0B6C9C977DAF}.Release|x64.Build.0 = Release|x64
		{BDB0B925-93EA-4ECA-9B97-0B6C9C977DAF}.VSDebug|Win32.ActiveCfg = VSDebug|Win32
		{BDB0B925-93EA-4ECA-9B97-0B6C9C977DAF}.VSDebug|Win32.Build.0 = VSDebug|Win32
		{BDB0B925-93EA-4ECA-9B97-0B6C9C977DAF}.VSDebug|x64.ActiveCfg = VSDebug|x64
		{BDB0B925-93EA-4ECA-9B97-0B6C9C977DAF}.VSDebug|x64.Build.0 = VSDebug|x64
		{7D4368BD-82DB-4208-A85B-5B2623439814}.Release|Win32.ActiveCfg = Release|Win32
		{7D4368BD-82DB-4208-A85B-5B2623439814}.Release|Win32.Build.0 = Release|Win32
		{7D4368BD-82DB-4208-A85B-5B2623439814}.Release|x64.ActiveCfg = Release|x64
		{7D4368BD-82DB-4208-A85B-5B2623439814}.Release|x64.Build.0 = Release|x64
		{7D4368BD-82DB-4208-A85B-5B2623439814}.VSDebug|Win32.ActiveCfg = VSDebug|Win32
		{7D4368BD-82DB-4208-A85B-5B2623439814}.VSDebug|Win32.Build.0 = VSDebug|Win32
		{7D4368BD-82DB-4208-A85B-5B2623439814}.VSDebug|x64.ActiveCfg = VSDebug|x64
		{7D4368BD-82DB-4208-A85B-5B2623439814}.VSDebug|x64.Build.0 = VSDebug|x64
		{9BC63C0A-BFD8-48EF-86E7-A207405EBC17}.Release|Win32.ActiveCfg = Release|Win32
		{9BC63C0A-BFD8-48EF-86E7-A207405EBC17}.Release|Win32.Build.0 = Release|Win32
		{9BC63C0A-BFD8-48EF-86E7-A207405EBC17}.Release|x64.ActiveCfg = Release|x64
		{9BC63C0A-BFD8-48EF-86E7-A207405EBC17}.Release|x64.Build.0 = Release|x64
		{9BC63C0A-BFD8-48EF-86E7-A207405EBC17}.VSDebug|Win32.ActiveCfg = VSDebug|Win32
		{9BC63C0A-BFD8-48EF-86E7-A207405EBC17}.VSDebug|Win32.Build.0 = VSDebug|Win32
		{9BC63C0A-BFD8-48EF-86E7-A207405EBC17}.VSDebug|x64.ActiveCfg = VSDebug|x64
		{9BC63C0A-BFD8-48EF-86E7-A207405EBC17}.VSDebug|x64.Build.0 = VSDebug|x64
		{9BB19332-D816-45FD-B602-A45EBB978C60}.Release|Win32.ActiveCfg = Release|Win32
		{9BB19332-D816-45FD-B602-A45EBB978C60}.Release|Win32.Build.0 = Release|Win32
		{9BB19332-D816-45FD-B602-A45EBB978C60}.Release|x64.ActiveCfg = Release|x64
		{9BB19332-D816-45FD-B602-A45EBB978C60}.Release|x64.Build.0 = Release|x64
		{9BB19332-D816-45FD-B602-A45EBB978C60}.VSDebug|Win32.ActiveCfg = VSDebug|Win32
		{9BB19332-D816-45FD-B602-A45EBB978C60}.VSDebug|Win32.Build.0 = VSDebug|Win32
		{9BB19332-D816-45FD-B602-A45EBB978C60}.VSDebug|x64.ActiveCfg = VSDebug|x64
		{9BB19332-D816-45FD-B602-A45EBB978C60}.VSDebug|x64.Build.0 = VSDebug|x64
		{6F2B6F44-B5AE-486B-AF84-A7C416BDFBF3}.Release|Win32.ActiveCfg = Release|Win32
		{6F2B6F44-B5AE-486B-AF84-A7C416BDFBF3}.Release|Win32.Build.0 = Release|Win32
		{6F2B6F44-B5AE-486B-AF84-A7C416BDFBF3}.Release|x64.ActiveCfg = Release|x64
		{6F2B6F44-B5AE-486B-AF84-A7C416BDFBF3}.Release|x64.Build.0 = Release|x64
		{6F2B6F44-B5AE-486B-AF84-A7C416BDFBF3}.VSDebug|Win32.ActiveCfg = VSDebug|Win32
		{6F2B6F44-B5AE-486B-AF84-A7C416BDFBF3}.VSDebug|Win32.Build.0 = VSDebug|Win32
		{6F2B6F44-B5AE-486B-AF84-A7C416BDFBF3}.VSDebug|x64.ActiveCfg = VSDebug|x64
		{6F2B6F44-B5AE-486B-AF84-A7C416BDFBF3}.VSDebug|x64.Build.0 = VSDebug|x64
		{8696C060-AC47-4F64-AE33-083EDFB14B4E}.Release|Win32.ActiveCfg = Release|Win32
		{8696C060-AC47-4F64-AE33-083EDFB14B4E}.Release|Win32.Build.0 = Release|Win32
		{8696C060-AC47-4F64-AE33-083EDFB14B4E}.Release|x64.ActiveCfg = Release|x64
		{8696C060-AC47-4F64-AE33-083EDFB14B4E}.Release|x64.Build.0 = Release|x64
		{8696C060-AC47-4F64-AE33-083EDFB14B4E}.VSDebug|Win32.ActiveCfg = VSDebug|Win32
		{8696C060-AC47-4F64-AE33-083EDFB14B4E}.VSDebug|Win32.Build.0 = VSDebug|Win32
		{8696C060-AC47-4F64-AE33-083EDFB14B4E}.VSDebug|x64.ActiveCfg = VSDebug|x64
		{8696C060-AC47-4F64-AE33-083EDFB14B4E}.VSDebug|x64.Build.0 = VSDebug|x64
		{E56B61A9-5F5A-4173-88F1-6AFCA8E20064}.Release|Win32.ActiveCfg = Release|Win32
		{E56B61A9-5F5A-4173-88F1-6AFCA8E20064}.Release|Win32.Build.0 = Release|Win32
		{E56B61A9-5F5A-4173-88F1-6AFCA8E20064}.Release|x64.ActiveCfg = Release|x64
		{E56B61A9-5F5A-4173-88F1-6AFCA8E20064}.Release|x64.Build.0 = Release|x64
		{E56B61A9-5F5A-4173-88F1-6AFCA8E20064}.VSDebug|Win32.ActiveCfg = VSDebug|Win32
		{E56B61A9-5F5A-4173-88F1-6AFCA8E20064}.VSDebug|Win32.Build.0 = VSDebug|Win32
		{E56B61A9-5F5A-4173-88F1-6AFCA8E20064}.VSDebug|x64.ActiveCfg = VSDebug|x64
		{E56B61A9-5F5A-4173-88F1-6AFCA8E20064}.VSDebug|x64.Build.0 = VSDebug|x64
		{981A529F-D74F-46C3-A147-419D59AC6691}.Release|Win32.ActiveCfg = Release|Win32
		{981A529F-D74F-46C3-A147-419D59AC6691}.Release|Win32.Build.0 = Release|Win32
		{981A529F-D74F-46C3-A147-419D59AC6691}.Release|x64.ActiveCfg = Release|x64
		{981A529F-D74F-46C3-A147-419D59AC6691}.Release|x64.Build.0 = Release|x64
		{981A529F-D74F-46C3-A147-419D59AC6691}.VSDebug|Win32.ActiveCfg = VSDebug|Win32
		{981A529F-D74F-46C3-A147-419D59AC6691}.VSDebug|Win32.Build.0 = VSDebug|Win32
		{981A529F-D74F-46C3-A147-419D59AC6691}.VSDebug|x64.ActiveCfg = VSDebug|x64
		{981A529F-D74F-46C3-A147-419D59AC6691}.VSDebug|x64.Build.0 = VSDebug|x64
		{CEDF8919-00B2-4D8A-88CC-84ADB2D2FF89}.Release|Win32.ActiveCfg = Release|Win32
		{CEDF8919-00B2-4D8A-88CC-84ADB2D2FF89}.Release|Win32.Build.0 = Release|Win32
		{CEDF8919-00B2-4D8A-88CC-84ADB2D2FF89}.Release|x64.ActiveCfg = Release|x64
		{CEDF8919-00B2-4D8A-88CC-84ADB2D2FF89}.Release|x64.Build.0 = Release|x64
		{CEDF8919-00B2-4D8A-88CC-84ADB2D2FF89}.VSDebug|Win32.ActiveCfg = VSDebug|Win32
		{CEDF8919-00B2-4D8A-88CC-84ADB2D2FF89}.VSDebug|Win32.Build.0 = VSDebug|Win32
		{CEDF8919-00B2-4D8A-88CC-84ADB2D2FF89}.VSDebug|x64.ActiveCfg = VSDebug|x64
		{CEDF8919-00B2-4D8A-88CC-84ADB2D2FF89}.VSDebug|x64.Build.0 = VSDebug|x64
		{41CFAFBF-A1C8-4704-AFEF-31979E6452B9}.Release|Win32.ActiveCfg = Release|Win32
		{41CFAFBF-A1C8-4704-AFEF-31979E6452B9}.Release|Win32.Build.0 = Release|Win32
		{41CFAFBF-A1C8-4704-AFEF-31979E6452B9}.Release|x64.ActiveCfg = Release|x64
		{41CFAFBF-A1C8-4704-AFEF-31979E6452B9}.Release|x64.Build.0 = Release|x64
		{41CFAFBF-A1C8-4704-AFEF-31979E6452B9}.VSDebug|Win32.ActiveCfg = VSDebug|Win32
		{41CFAFBF-A1C8-4704-AFEF-31979E6452B9}.VSDebug|Win32.Build.0 = VSDebug|Win32
		{41CFAFBF-A1C8-4704-AFEF-31979E6452B9}.VSDebug|x64.ActiveCfg = VSDebug|x64
		{41CFAFBF-A1C8-4704-AFEF-31979E6452B9}.VSDebug|x64.Build.0 = VSDebug|x64
		{20206DC6-0F5B-4E52-83B5-E24D6252C316}.Release|Win32.ActiveCfg = Release|Win32
		{20206DC6-0F5B-4E52-83B5-E24D6252C316}.Release|Win32.Build.0 = Release|Win32
		{20206DC6-0F5B-4E52-83B5-E24D6252C316}.Release|x64.ActiveCfg = Release|x64
		{20206DC6-0F5B-4E52-83B5-E24D6252C316}.Release|x64.Build.0 = Release|x64
		{20206DC6-0F5B-4E52-83B5-E24D6252C316}.VSDebug|Win32.ActiveCfg = VSDebug|Win32
		{20206DC6-0F5B-4E52-83B5-E24D6252C316}.VSDebug|Win32.Build.0 = VSDebug|Win32
		{20206DC6-0F5B-4E52-83B5-E24D6252C316}.VSDebug|x64.ActiveCfg = VSDebug|x64
		{20206DC6-0F5B-4E52-83B5-E24D6252C316}.VSDebug|x64.Build.0 = VSDebug|x64
		{A7545354-5D50-49F6-A3D0-1F97F6228955}.Release|Win32.ActiveCfg = Release|Win32
		{A7545354-5D50-49F6-A3D0-1F97F6228955}.Release|Win32.Build.0 = Release|Win32
		{A7545354-5D50-49F6-A3D0-1F97F6228955}.Release|x64.ActiveCfg = Release|x64
		{A7545354-5D50-49F6-A3D0-1F97F6228955}.Release|x64.Build.0 = Release|x64
		{A7545354-5D50-49F6-A3D0-1F97F6228955}.VSDebug|Win32.ActiveCfg = VSDebug|Win32
		{A7545354-5D50-49F6-A3D0-1F97F6228955}.VSDebug|Win32.Build.0 = VSDebug|Win32
		{A7545354-5D50-49F6-A3D0-1F97F6228955}.VSDebug|x64.ActiveCfg = VSDebug|x64
		{A7545354-5D50-49F6-A3D0-1F97F6228955}.VSDebug|x64.Build.0 = VSDebug|x64
		{25C60507-39C6-4564-912D-DA2E7482A00F}.Release|Win32.ActiveCfg = Release|Win32
		{25C60507-39C6-4564-912D-DA2E7482A00F}.Release|Win32.Build.0 = Release|Win32
		{25C60507-39C6-4564-912D-DA2E7482A00F}.Release|x64.ActiveCfg = Release|x64
		{25C60507-39C6-4564-912D-DA2E7482A00F}.Release|x64.Build.0 = Release|x64
		{25C60507-39C6-4564-912D-DA2E7482A00F}.VSDebug|Win32.ActiveCfg = VSDebug|Win32
		{25C60507-39C6-4564-912D-DA2E7482A00F}.VSDebug|Win32.Build.0 = VSDebug|Win32
		{25C60507-39C6-4564-912D-DA2E7482A00F}.VSDebug|x64.ActiveCfg = VSDebug|x64
		{25C60507-39C6-4564-912D-DA2E7482A00F}.VSDebug|x64.Build.0 = VSDebug|x64
		{4C93BDD3-1804-47F3-9B34-F2DE0CAE1AE0}.Release|Win32.ActiveCfg = Release|Win32
		{4C93BDD3-1804-47F3-9B34-F2DE0CAE1AE0}.Release|Win32.Build.0 = Release|Win32
		{4C93BDD3-1804-47F3-9B34-F2DE0CAE1AE0}.Release|x64.ActiveCfg = Release|x64
		{4C93BDD3-1804-47F3-9B34-F2DE0CAE1AE0}.Release|x64.Build.0 = Release|x64
		{4C93BDD3-1804-47F3-9B34-F2DE0CAE1AE0}.VSDebug|Win32.ActiveCfg = VSDebug|Win32
		{4C93BDD3-1804-47F3-9B34-F2DE0CAE1AE0}.VSDebug|Win32.Build.0 = VSDebug|Win32
		{4C93BDD3-1804-47F3-9B34-F2DE0CAE1AE0}.VSDebug|x64.ActiveCfg = VSDebug|x64
		{4C93BDD3-1804-47F3-9B34-F2DE0CAE1AE0}.VSDebug|x64.Build.0 = VSDebug|x64
		{3A3845E7-69D5-4FE7-8E0B-6BCF2B84F386}.Release|Win32.ActiveCfg = Release|Win32
		{3A3845E7-69D5-4FE7-8E0B-6BCF2B84F386}.Release|Win32.Build.0 = Release|Win32
		{3A3845E7-69D5-4FE7-8E0B-6BCF2B84F386}.Release|x64.ActiveCfg = Release|x64
		{3A3845E7-69D5-4FE7-8E0B-6BCF2B84F386}.Release|x64.Build.0 = Release|x64
		{3A3845E7-69D5-4FE7-8E0B-6BCF2B84F386}.VSDebug|Win32.ActiveCfg = VSDebug|Win32
		{3A3845E7-69D5-4FE7-8E0B-6BCF2B84F386}.VSDebug|Win32.Build.0 = VSDebug|Win32
		{3A3845E7-69D5-4FE7-8E0B-6BCF2B84F386}.VSDebug|x64.ActiveCfg = VSDebug|x64
		{3A3845E7-69D5-4FE7-8E0B-6BCF2B84F386}.VSDebug|x64.Build.0 = VSDebug|x64
		{3FFB9C05-1145-45A7-9ADE-5C8D70FBD7CA}.Release|Win32.ActiveCfg = Release|Win32
		{3FFB9C05-1145-45A7-9ADE-5C8D70FBD7CA}.Release|Win32.Build.0 = Release|Win32
		{3FFB9C05-1145-45A7-9ADE-5C8D70FBD7CA}.Release|x64.ActiveCfg = Release|x64
		{3FFB9C05-1145-45A7-9ADE-5C8D70FBD7CA}.Release|x64.Build.0 = Release|x64
		{3FFB9C05-1145-45A7-9ADE-5C8D70FBD7CA}.VSDebug|Win32.ActiveCfg = VSDebug|Win32
		{3FFB9C05-1145-45A7-9ADE-5C8D70FBD7CA}.VSDebug|Win32.Build.0 = VSDebug|Win32
		{3FFB9C05-1145-45A7-9ADE-5C8D70FBD7CA}.VSDebug|x64.ActiveCfg = VSDebug|x64
		{3FFB9C05-1145-45A7-9ADE-5C8D70FBD7CA}.VSDebug|x64.Build.0 = VSDebug|x64
		{BC27FF34-C859-4A1A-95D6-FC89952E1910}.Release|Win32.ActiveCfg = Release|Win32
		{BC27FF34-C859-4A1A-95D6-FC89952E1910}.Release|Win32.Build.0 = Release|Win32
		{BC27FF34-C859-4A1A-95D6-FC89952E1910}.Release|x64.ActiveCfg = Release|x64
		{BC27FF34-C859-4A1A-95D6-FC89952E1910}.Release|x64.Build.0 = Release|x64
		{BC27FF34-C859-4A1A-95D6-FC89952E1910}.VSDebug|Win32.ActiveCfg = VSDebug|Win32
		{BC27FF34-C859-4A1A-95D6-FC89952E1910}.VSDebug|Win32.Build.0 = VSDebug|Win32
		{BC27FF34-C859-4A1A-95D6-FC89952E1910}.VSDebug|x64.ActiveCfg = VSDebug|x64
		{BC27FF34-C859-4A1A-95D6-FC89952E1910}.VSDebug|x64.Build.0 = VSDebug|x64
		{7369D9FA-E831-4B0D-B92A-BB21D8D40F54}.Release|Win32.ActiveCfg = Release|Win32
		{7369D9FA-E831-4B0D-B92A-BB21D8D40F54}.Release|Win32.Build.0 = Release|Win32
		{7369D9FA-E831-4B0D-B92A-BB21D8D40F54}.Release|x64.ActiveCfg = Release|x64
		{7369D9FA-E831-4B0D-B92A-BB21D8D40F54}.Release|x64.Build.0 = Release|x64
		{7369D9FA-E831-4B0D-B92A-BB21D8D40F54}.VSDebug|Win32.ActiveCfg = VSDebug|Win32
		{7369D9FA-E831-4B0D-B92A-BB21D8D40F54}.VSDebug|Win32.Build.0 = VSDebug|Win32
		{7369D9FA-E831-4B0D-B92A-BB21D8D40F54}.VSDebug|x64.ActiveCfg = VSDebug|x64
		{7369D9FA-E831-4B0D-B92A-BB21D8D40F54}.VSDebug|x64.Build.0 = VSDebug|x64
		{BD3A95FA-A3DE-4B79-A889-A7E5ECA4B69C}.Release|Win32.ActiveCfg = Release|Win32
		{BD3A95FA-A3DE-4B79-A889-A7E5ECA4B69C}.Release|Win32.Build.0 = Release|Win32
		{BD3A95FA-A3DE-4B79-A889-A7E5ECA4B69C}.Release|x64.ActiveCfg = Release|x64
		{BD3A95FA-A3DE-4B79-A889-A7E5ECA4B69C}.Release|x64.Build.0 = Release|x64
		{BD3A95FA-A3DE-4B79-A889-A7E5ECA4B69C}.VSDebug|Win32.ActiveCfg = VSDebug|Win32
		{BD3A95FA-A3DE-4B79-A889-A7E5ECA4B69C}.VSDebug|Win32.Build.0 = VSDebug|Win32
		{BD3A95FA-A3DE-4B79-A889-A7E5ECA4B69C}.VSDebug|x64.ActiveCfg = VSDebug|x64
		{BD3A95FA-A3DE-4B79-A889-A7E5ECA4B69C}.VSDebug|x64.Build.0 = VSDebug|x64
		{5304AD69-D449-4589-B2C9-E4607E56A51D}.Release|Win32.ActiveCfg = Release|Win32
		{5304AD69-D449-4589-B2C9-E4607E56A51D}.Release|Win32.Build.0 = Release|Win32
		{5304AD69-D449-4589-B2C9-E4607E56A51D}.Release|x64.ActiveCfg = Release|x64
		{5304AD69-D449-4589-B2C9-E4607E56A51D}.Release|x64.Build.0 = Release|x64
		{5304AD69-D449-4589-B2C9-E4607E56A51D}.VSDebug|Win32.ActiveCfg = VSDebug|Win32
		{5304AD69-D449-4589-B2C9-E4607E56A51D}.VSDebug|Win32.Build.0 = VSDebug|Win32
		{5304AD69-D449-4589-B2C9-E4607E56A51D}.VSDebug|x64.ActiveCfg = VSDebug|x64
		{5304AD69-D449-4589-B2C9-E4607E56A51D}.VSDebug|x64.Build.0 = VSDebug|x64
		{E969009B-01BC-4E63-A7A8-E21DC8609D9B}.Release|Win32.ActiveCfg = Release|Win32
		{E969009B-01BC-4E63-A7A8-E21DC8609D9B}.Release|Win32.Build.0 = Release|Win32
		{E969009B-01BC-4E63-A7A8-E21DC8609D9B}.Release|x64.ActiveCfg = Release|x64
		{E969009B-01BC-4E63-A7A8-E21DC8609D9B}.Release|x64.Build.0 = Release|x64
		{E969009B-01BC-4E63-A7A8-E21DC8609D9B}.VSDebug|Win32.ActiveCfg = VSDebug|Win32
		{E969009B-01BC-4E63-A7A8-E21DC8609D9B}.VSDebug|Win32.Build.0 = VSDebug|Win32
		{E969009B-01BC-4E63-A7A8-E21DC8609D9B}.VSDebug|x64.ActiveCfg = VSDebug|x64
		{E969009B-01BC-4E63-A7A8-E21DC8609D9B}.VSDebug|x64.Build.0 = VSDebug|x64
		{F94DCC2D-2B49-453E-89B3-FD81992677D0}.Release|Win32.ActiveCfg = Release|Win32
		{F94DCC2D-2B49-453E-89B3-FD81992677D0}.Release|Win32.Build.0 = Release|Win32
		{F94DCC2D-2B49-453E-89B3-FD81992677D0}.Release|x64.ActiveCfg = Release|x64
		{F94DCC2D-2B49-453E-89B3-FD81992677D0}.Release|x64.Build.0 = Release|x64
		{F94DCC2D-2B49-453E-89B3-FD81992677D0}.VSDebug|Win32.ActiveCfg = VSDebug|Win32
		{F94DCC2D-2B49-453E-89B3-FD81992677D0}.VSDebug|Win32.Build.0 = VSDebug|Win32
		{F94DCC2D-2B49-453E-89B3-FD81992677D0}.VSDebug|x64.ActiveCfg = VSDebug|x64
		{F94DCC2D-2B49-453E-89B3-FD81992677D0}.VSDebug|x64.Build.0 = VSDebug|x64
		{B9332DC8-7594-47DF-80C1-38922E0F4DFB}.Release|Win32.ActiveCfg = Release|Win32
		{B9332DC8-7594-47DF-80C1-38922E0F4DFB}.Release|Win32.Build.0 = Release|Win32
		{B9332DC8-7594-47DF-80C1-38922E0F4DFB}.Release|x64.ActiveCfg = Release|x64
		{B9332DC8-7594-47DF-80C1-38922E0F4DFB}.Release|x64.Build.0 = Release|x64
		{B9332DC8-7594-47DF-80C1-38922E0F4DFB}.VSDebug|Win32.ActiveCfg = VSDebug|Win32
		{B9332DC8-7594-47DF-80C1-38922E0F4DFB}.VSDebug|Win32.Build.0 = VSDebug|Win32
		{B9332DC8-7594-47DF-80C1-38922E0F4DFB}.VSDebug|x64.ActiveCfg = VSDebug|x64
		{B9332DC8-7594-47DF-80C1-38922E0F4DFB}.VSDebug|x64.Build.0 = VSDebug|x64
		{B86FB73A-4ACC-42DE-9545-586D93955B06}.Release|Win32.ActiveCfg = Release|Win32
		{B86FB73A-4ACC-42DE-9545-586D93955B06}.Release|Win32.Build.0 = Release|Win32
		{B86FB73A-4ACC-42DE-9545-586D93955B06}.Release|x64.ActiveCfg = Release|x64
		{B86FB73A-4ACC-42DE-9545-586D93955B06}.Release|x64.Build.0 = Release|x64
		{B86FB73A-4ACC-42DE-9545-586D93955B06}.VSDebug|Win32.ActiveCfg = VSDebug|Win32
		{B86FB73A-4ACC-42DE-9545-586D93955B06}.VSDebug|Win32.Build.0 = VSDebug|Win32
		{B86FB73A-4ACC-42DE-9545-586D93955B06}.VSDebug|x64.ActiveCfg = VSDebug|x64
		{B86FB73A-4ACC-42DE-9545-586D93955B06}.VSDebug|x64.Build.0 = VSDebug|x64
	EndGlobalSection
	GlobalSection(SolutionProperties) = preSolution
		HideSolutionNode = FALSE
	EndGlobalSection
	GlobalSection(ExtensibilityGlobals) = postSolution
		SolutionGuid = {7D79E5A3-5E13-427D-838B-B564BDF02D9A}
	EndGlobalSection
EndGlobal
